
Microsoft Visual Studio Solution File, Format Version 12.00
# Visual Studio Version 16
VisualStudioVersion = 16.0.30517.126
MinimumVisualStudioVersion = 10.0.40219.1
Project("{9A19103F-16F7-4668-BE54-9A1E7A4F7556}") = "SeleniumDemo", "SeleniumDemo\SeleniumDemo.csproj", "{7B6767CD-0B20-449F-8C33-CFA0053049B3}"
EndProject
Project("{9A19103F-16F7-4668-BE54-9A1E7A4F7556}") = "RestAPIDemo", "RestAPIDemo\RestAPIDemo.csproj", "{593E6C0D-0DC7-41D8-805F-31DF69A46A39}"
EndProject
Project("{9A19103F-16F7-4668-BE54-9A1E7A4F7556}") = "UnitTestsDemo", "UnitTestsDemo\UnitTestsDemo.csproj", "{1A1BAA0C-447D-418F-BA23-6F1C3B4CCE58}"
EndProject
Project("{2150E333-8FDC-42A3-9474-1A3956D46DE8}") = "VotingAppTests", "VotingAppTests", "{81937F46-43A7-465C-A061-04AC17F481DF}"
EndProject
Project("{FAE04EC0-301F-11D3-BF4B-00C04F79EFBC}") = "VoteTests", "VoteTests\VoteTests.csproj", "{0D583368-900B-463E-9E5C-D780E98DDA93}"
EndProject
Project("{FAE04EC0-301F-11D3-BF4B-00C04F79EFBC}") = "WorkerTests", "WorkerTests\WorkerTests.csproj", "{238B8D3F-7F37-4D0E-9C54-EC15A47663FA}"
EndProject
Project("{FAE04EC0-301F-11D3-BF4B-00C04F79EFBC}") = "ResultsTests", "ResultsTests\ResultsTests.csproj", "{39ADE5DA-B62A-4BDF-9F2A-B6001EF6DF17}"
EndProject
Project("{FAE04EC0-301F-11D3-BF4B-00C04F79EFBC}") = "Common", "Common\Common.csproj", "{B71F53CD-845D-4C64-A681-E1B2511A62E5}"
EndProject
Project("{9A19103F-16F7-4668-BE54-9A1E7A4F7556}") = "Worker", "..\example-voting-app\worker\src\Worker\Worker.csproj", "{057A8F66-4E40-4980-87D0-2C31DD5F3AA7}"
EndProject
Project("{2150E333-8FDC-42A3-9474-1A3956D46DE8}") = "SUT", "SUT", "{2F252409-89C2-4C30-B17E-4C9352F7D173}"
EndProject
Project("{FAE04EC0-301F-11D3-BF4B-00C04F79EFBC}") = "WireMockDemo", "WireMockDemo\WireMockDemo.csproj", "{B7E479F2-38AC-471E-893C-A6D48489AA47}"
EndProject
Global
	GlobalSection(SolutionConfigurationPlatforms) = preSolution
		Debug|Any CPU = Debug|Any CPU
		Release|Any CPU = Release|Any CPU
	EndGlobalSection
	GlobalSection(ProjectConfigurationPlatforms) = postSolution
		{7B6767CD-0B20-449F-8C33-CFA0053049B3}.Debug|Any CPU.ActiveCfg = Debug|Any CPU
		{7B6767CD-0B20-449F-8C33-CFA0053049B3}.Debug|Any CPU.Build.0 = Debug|Any CPU
		{7B6767CD-0B20-449F-8C33-CFA0053049B3}.Release|Any CPU.ActiveCfg = Release|Any CPU
		{7B6767CD-0B20-449F-8C33-CFA0053049B3}.Release|Any CPU.Build.0 = Release|Any CPU
		{593E6C0D-0DC7-41D8-805F-31DF69A46A39}.Debug|Any CPU.ActiveCfg = Debug|Any CPU
		{593E6C0D-0DC7-41D8-805F-31DF69A46A39}.Debug|Any CPU.Build.0 = Debug|Any CPU
		{593E6C0D-0DC7-41D8-805F-31DF69A46A39}.Release|Any CPU.ActiveCfg = Release|Any CPU
		{593E6C0D-0DC7-41D8-805F-31DF69A46A39}.Release|Any CPU.Build.0 = Release|Any CPU
		{1A1BAA0C-447D-418F-BA23-6F1C3B4CCE58}.Debug|Any CPU.ActiveCfg = Debug|Any CPU
		{1A1BAA0C-447D-418F-BA23-6F1C3B4CCE58}.Debug|Any CPU.Build.0 = Debug|Any CPU
		{1A1BAA0C-447D-418F-BA23-6F1C3B4CCE58}.Release|Any CPU.ActiveCfg = Release|Any CPU
		{1A1BAA0C-447D-418F-BA23-6F1C3B4CCE58}.Release|Any CPU.Build.0 = Release|Any CPU
		{0D583368-900B-463E-9E5C-D780E98DDA93}.Debug|Any CPU.ActiveCfg = Debug|Any CPU
		{0D583368-900B-463E-9E5C-D780E98DDA93}.Debug|Any CPU.Build.0 = Debug|Any CPU
		{0D583368-900B-463E-9E5C-D780E98DDA93}.Release|Any CPU.ActiveCfg = Release|Any CPU
		{0D583368-900B-463E-9E5C-D780E98DDA93}.Release|Any CPU.Build.0 = Release|Any CPU
		{238B8D3F-7F37-4D0E-9C54-EC15A47663FA}.Debug|Any CPU.ActiveCfg = Debug|Any CPU
		{238B8D3F-7F37-4D0E-9C54-EC15A47663FA}.Debug|Any CPU.Build.0 = Debug|Any CPU
		{238B8D3F-7F37-4D0E-9C54-EC15A47663FA}.Release|Any CPU.ActiveCfg = Release|Any CPU
		{238B8D3F-7F37-4D0E-9C54-EC15A47663FA}.Release|Any CPU.Build.0 = Release|Any CPU
		{39ADE5DA-B62A-4BDF-9F2A-B6001EF6DF17}.Debug|Any CPU.ActiveCfg = Debug|Any CPU
		{39ADE5DA-B62A-4BDF-9F2A-B6001EF6DF17}.Debug|Any CPU.Build.0 = Debug|Any CPU
		{39ADE5DA-B62A-4BDF-9F2A-B6001EF6DF17}.Release|Any CPU.ActiveCfg = Release|Any CPU
		{39ADE5DA-B62A-4BDF-9F2A-B6001EF6DF17}.Release|Any CPU.Build.0 = Release|Any CPU
		{B71F53CD-845D-4C64-A681-E1B2511A62E5}.Debug|Any CPU.ActiveCfg = Debug|Any CPU
		{B71F53CD-845D-4C64-A681-E1B2511A62E5}.Debug|Any CPU.Build.0 = Debug|Any CPU
		{B71F53CD-845D-4C64-A681-E1B2511A62E5}.Release|Any CPU.ActiveCfg = Release|Any CPU
		{B71F53CD-845D-4C64-A681-E1B2511A62E5}.Release|Any CPU.Build.0 = Release|Any CPU
		{057A8F66-4E40-4980-87D0-2C31DD5F3AA7}.Debug|Any CPU.ActiveCfg = Debug|Any CPU
		{057A8F66-4E40-4980-87D0-2C31DD5F3AA7}.Debug|Any CPU.Build.0 = Debug|Any CPU
		{057A8F66-4E40-4980-87D0-2C31DD5F3AA7}.Release|Any CPU.ActiveCfg = Release|Any CPU
		{057A8F66-4E40-4980-87D0-2C31DD5F3AA7}.Release|Any CPU.Build.0 = Release|Any CPU
		{B7E479F2-38AC-471E-893C-A6D48489AA47}.Debug|Any CPU.ActiveCfg = Debug|Any CPU
		{B7E479F2-38AC-471E-893C-A6D48489AA47}.Debug|Any CPU.Build.0 = Debug|Any CPU
		{B7E479F2-38AC-471E-893C-A6D48489AA47}.Release|Any CPU.ActiveCfg = Release|Any CPU
		{B7E479F2-38AC-471E-893C-A6D48489AA47}.Release|Any CPU.Build.0 = Release|Any CPU
	EndGlobalSection
	GlobalSection(SolutionProperties) = preSolution
		HideSolutionNode = FALSE
	EndGlobalSection
	GlobalSection(NestedProjects) = preSolution
		{0D583368-900B-463E-9E5C-D780E98DDA93} = {81937F46-43A7-465C-A061-04AC17F481DF}
		{238B8D3F-7F37-4D0E-9C54-EC15A47663FA} = {81937F46-43A7-465C-A061-04AC17F481DF}
		{39ADE5DA-B62A-4BDF-9F2A-B6001EF6DF17} = {81937F46-43A7-465C-A061-04AC17F481DF}
		{B71F53CD-845D-4C64-A681-E1B2511A62E5} = {81937F46-43A7-465C-A061-04AC17F481DF}
		{057A8F66-4E40-4980-87D0-2C31DD5F3AA7} = {2F252409-89C2-4C30-B17E-4C9352F7D173}
	EndGlobalSection
	GlobalSection(ExtensibilityGlobals) = postSolution
		SolutionGuid = {D341950B-F394-429D-B5ED-F22AF88DAB8F}
	EndGlobalSection
EndGlobal
